
Microsoft Visual Studio Solution File, Format Version 12.00
Project("{FAE04EC0-301F-11D3-BF4B-00C04F79EFBC}") = "HtmxFormsModalDemo", "HtmxFormsModalDemo\HtmxFormsModalDemo.csproj", "{326B8ED6-700A-4420-A6B2-79FAFC586118}"
EndProject
Global
	GlobalSection(SolutionConfigurationPlatforms) = preSolution
		Debug|Any CPU = Debug|Any CPU
		Release|Any CPU = Release|Any CPU
	EndGlobalSection
	GlobalSection(ProjectConfigurationPlatforms) = postSolution
		{326B8ED6-700A-4420-A6B2-79FAFC586118}.Debug|Any CPU.ActiveCfg = Debug|Any CPU
		{326B8ED6-700A-4420-A6B2-79FAFC586118}.Debug|Any CPU.Build.0 = Debug|Any CPU
		{326B8ED6-700A-4420-A6B2-79FAFC586118}.Release|Any CPU.ActiveCfg = Release|Any CPU
		{326B8ED6-700A-4420-A6B2-79FAFC586118}.Release|Any CPU.Build.0 = Release|Any CPU
	EndGlobalSection
EndGlobal
