
Microsoft Visual Studio Solution File, Format Version 12.00
Project("{FAE04EC0-301F-11D3-BF4B-00C04F79EFBC}") = "HtmxPushUrlDemo", "HtmxPushUrlDemo\HtmxPushUrlDemo.csproj", "{E35E49A1-52B0-4855-A934-FC7BE6231682}"
EndProject
Global
	GlobalSection(SolutionConfigurationPlatforms) = preSolution
		Debug|Any CPU = Debug|Any CPU
		Release|Any CPU = Release|Any CPU
	EndGlobalSection
	GlobalSection(ProjectConfigurationPlatforms) = postSolution
		{E35E49A1-52B0-4855-A934-FC7BE6231682}.Debug|Any CPU.ActiveCfg = Debug|Any CPU
		{E35E49A1-52B0-4855-A934-FC7BE6231682}.Debug|Any CPU.Build.0 = Debug|Any CPU
		{E35E49A1-52B0-4855-A934-FC7BE6231682}.Release|Any CPU.ActiveCfg = Release|Any CPU
		{E35E49A1-52B0-4855-A934-FC7BE6231682}.Release|Any CPU.Build.0 = Release|Any CPU
	EndGlobalSection
EndGlobal
